
Microsoft Visual Studio Solution File, Format Version 12.00
# Visual Studio Version 17
VisualStudioVersion = 17.4.33213.308
MinimumVisualStudioVersion = 10.0.40219.1
Project("{FAE04EC0-301F-11D3-BF4B-00C04F79EFBC}") = "eumatamboExamen.Android", "eumatamboExamen.Android\eumatamboExamen.Android.csproj", "{A6DA0F22-F487-4688-8992-639DAD7FDA1B}"
EndProject
Project("{FAE04EC0-301F-11D3-BF4B-00C04F79EFBC}") = "eumatamboExamen.iOS", "eumatamboExamen.iOS\eumatamboExamen.iOS.csproj", "{20BE12FA-959A-4A25-93B1-0BC5524BFE5B}"
EndProject
Project("{FAE04EC0-301F-11D3-BF4B-00C04F79EFBC}") = "eumatamboExamen", "eumatamboExamen\eumatamboExamen.csproj", "{D73F57CD-26A4-4D41-BF73-086869DBA134}"
EndProject
Global
	GlobalSection(SolutionConfigurationPlatforms) = preSolution
		Debug|Any CPU = Debug|Any CPU
		Debug|iPhone = Debug|iPhone
		Debug|iPhoneSimulator = Debug|iPhoneSimulator
		Release|Any CPU = Release|Any CPU
		Release|iPhone = Release|iPhone
		Release|iPhoneSimulator = Release|iPhoneSimulator
	EndGlobalSection
	GlobalSection(ProjectConfigurationPlatforms) = postSolution
		{A6DA0F22-F487-4688-8992-639DAD7FDA1B}.Debug|Any CPU.ActiveCfg = Debug|Any CPU
		{A6DA0F22-F487-4688-8992-639DAD7FDA1B}.Debug|Any CPU.Build.0 = Debug|Any CPU
		{A6DA0F22-F487-4688-8992-639DAD7FDA1B}.Debug|Any CPU.Deploy.0 = Debug|Any CPU
		{A6DA0F22-F487-4688-8992-639DAD7FDA1B}.Debug|iPhone.ActiveCfg = Debug|Any CPU
		{A6DA0F22-F487-4688-8992-639DAD7FDA1B}.Debug|iPhone.Build.0 = Debug|Any CPU
		{A6DA0F22-F487-4688-8992-639DAD7FDA1B}.Debug|iPhone.Deploy.0 = Debug|Any CPU
		{A6DA0F22-F487-4688-8992-639DAD7FDA1B}.Debug|iPhoneSimulator.ActiveCfg = Debug|Any CPU
		{A6DA0F22-F487-4688-8992-639DAD7FDA1B}.Debug|iPhoneSimulator.Build.0 = Debug|Any CPU
		{A6DA0F22-F487-4688-8992-639DAD7FDA1B}.Debug|iPhoneSimulator.Deploy.0 = Debug|Any CPU
		{A6DA0F22-F487-4688-8992-639DAD7FDA1B}.Release|Any CPU.ActiveCfg = Release|Any CPU
		{A6DA0F22-F487-4688-8992-639DAD7FDA1B}.Release|Any CPU.Build.0 = Release|Any CPU
		{A6DA0F22-F487-4688-8992-639DAD7FDA1B}.Release|Any CPU.Deploy.0 = Release|Any CPU
		{A6DA0F22-F487-4688-8992-639DAD7FDA1B}.Release|iPhone.ActiveCfg = Release|Any CPU
		{A6DA0F22-F487-4688-8992-639DAD7FDA1B}.Release|iPhone.Build.0 = Release|Any CPU
		{A6DA0F22-F487-4688-8992-639DAD7FDA1B}.Release|iPhone.Deploy.0 = Release|Any CPU
		{A6DA0F22-F487-4688-8992-639DAD7FDA1B}.Release|iPhoneSimulator.ActiveCfg = Release|Any CPU
		{A6DA0F22-F487-4688-8992-639DAD7FDA1B}.Release|iPhoneSimulator.Build.0 = Release|Any CPU
		{A6DA0F22-F487-4688-8992-639DAD7FDA1B}.Release|iPhoneSimulator.Deploy.0 = Release|Any CPU
		{20BE12FA-959A-4A25-93B1-0BC5524BFE5B}.Debug|Any CPU.ActiveCfg = Debug|iPhone
		{20BE12FA-959A-4A25-93B1-0BC5524BFE5B}.Debug|Any CPU.Build.0 = Debug|iPhone
		{20BE12FA-959A-4A25-93B1-0BC5524BFE5B}.Debug|Any CPU.Deploy.0 = Debug|iPhone
		{20BE12FA-959A-4A25-93B1-0BC5524BFE5B}.Debug|iPhone.ActiveCfg = Debug|iPhone
		{20BE12FA-959A-4A25-93B1-0BC5524BFE5B}.Debug|iPhone.Build.0 = Debug|iPhone
		{20BE12FA-959A-4A25-93B1-0BC5524BFE5B}.Debug|iPhone.Deploy.0 = Debug|iPhone
		{20BE12FA-959A-4A25-93B1-0BC5524BFE5B}.Debug|iPhoneSimulator.ActiveCfg = Debug|iPhoneSimulator
		{20BE12FA-959A-4A25-93B1-0BC5524BFE5B}.Debug|iPhoneSimulator.Build.0 = Debug|iPhoneSimulator
		{20BE12FA-959A-4A25-93B1-0BC5524BFE5B}.Debug|iPhoneSimulator.Deploy.0 = Debug|iPhoneSimulator
		{20BE12FA-959A-4A25-93B1-0BC5524BFE5B}.Release|Any CPU.ActiveCfg = Release|iPhoneSimulator
		{20BE12FA-959A-4A25-93B1-0BC5524BFE5B}.Release|Any CPU.Build.0 = Release|iPhoneSimulator
		{20BE12FA-959A-4A25-93B1-0BC5524BFE5B}.Release|Any CPU.Deploy.0 = Release|iPhoneSimulator
		{20BE12FA-959A-4A25-93B1-0BC5524BFE5B}.Release|iPhone.ActiveCfg = Release|iPhone
		{20BE12FA-959A-4A25-93B1-0BC5524BFE5B}.Release|iPhone.Build.0 = Release|iPhone
		{20BE12FA-959A-4A25-93B1-0BC5524BFE5B}.Release|iPhone.Deploy.0 = Release|iPhone
		{20BE12FA-959A-4A25-93B1-0BC5524BFE5B}.Release|iPhoneSimulator.ActiveCfg = Release|iPhoneSimulator
		{20BE12FA-959A-4A25-93B1-0BC5524BFE5B}.Release|iPhoneSimulator.Build.0 = Release|iPhoneSimulator
		{20BE12FA-959A-4A25-93B1-0BC5524BFE5B}.Release|iPhoneSimulator.Deploy.0 = Release|iPhoneSimulator
		{D73F57CD-26A4-4D41-BF73-086869DBA134}.Debug|Any CPU.ActiveCfg = Debug|Any CPU
		{D73F57CD-26A4-4D41-BF73-086869DBA134}.Debug|Any CPU.Build.0 = Debug|Any CPU
		{D73F57CD-26A4-4D41-BF73-086869DBA134}.Debug|Any CPU.Deploy.0 = Debug|Any CPU
		{D73F57CD-26A4-4D41-BF73-086869DBA134}.Debug|iPhone.ActiveCfg = Debug|Any CPU
		{D73F57CD-26A4-4D41-BF73-086869DBA134}.Debug|iPhone.Build.0 = Debug|Any CPU
		{D73F57CD-26A4-4D41-BF73-086869DBA134}.Debug|iPhone.Deploy.0 = Debug|Any CPU
		{D73F57CD-26A4-4D41-BF73-086869DBA134}.Debug|iPhoneSimulator.ActiveCfg = Debug|Any CPU
		{D73F57CD-26A4-4D41-BF73-086869DBA134}.Debug|iPhoneSimulator.Build.0 = Debug|Any CPU
		{D73F57CD-26A4-4D41-BF73-086869DBA134}.Debug|iPhoneSimulator.Deploy.0 = Debug|Any CPU
		{D73F57CD-26A4-4D41-BF73-086869DBA134}.Release|Any CPU.ActiveCfg = Release|Any CPU
		{D73F57CD-26A4-4D41-BF73-086869DBA134}.Release|Any CPU.Build.0 = Release|Any CPU
		{D73F57CD-26A4-4D41-BF73-086869DBA134}.Release|Any CPU.Deploy.0 = Release|Any CPU
		{D73F57CD-26A4-4D41-BF73-086869DBA134}.Release|iPhone.ActiveCfg = Release|Any CPU
		{D73F57CD-26A4-4D41-BF73-086869DBA134}.Release|iPhone.Build.0 = Release|Any CPU
		{D73F57CD-26A4-4D41-BF73-086869DBA134}.Release|iPhone.Deploy.0 = Release|Any CPU
		{D73F57CD-26A4-4D41-BF73-086869DBA134}.Release|iPhoneSimulator.ActiveCfg = Release|Any CPU
		{D73F57CD-26A4-4D41-BF73-086869DBA134}.Release|iPhoneSimulator.Build.0 = Release|Any CPU
		{D73F57CD-26A4-4D41-BF73-086869DBA134}.Release|iPhoneSimulator.Deploy.0 = Release|Any CPU
	EndGlobalSection
	GlobalSection(SolutionProperties) = preSolution
		HideSolutionNode = FALSE
	EndGlobalSection
	GlobalSection(ExtensibilityGlobals) = postSolution
		SolutionGuid = {01309580-D529-49D9-B86B-7406EA5267EA}
	EndGlobalSection
EndGlobal
